
Microsoft Visual Studio Solution File, Format Version 12.00
# Visual Studio Version 17
VisualStudioVersion = 17.3.32901.215
MinimumVisualStudioVersion = 10.0.40219.1
Project("{FAE04EC0-301F-11D3-BF4B-00C04F79EFBC}") = "MethodOverloadingExercise1", "MethodOverloadingExercise1\MethodOverloadingExercise1.csproj", "{45882110-5C73-4DF5-9094-B7C8CD672EFF}"
EndProject
Global
	GlobalSection(SolutionConfigurationPlatforms) = preSolution
		Debug|Any CPU = Debug|Any CPU
		Release|Any CPU = Release|Any CPU
	EndGlobalSection
	GlobalSection(ProjectConfigurationPlatforms) = postSolution
		{45882110-5C73-4DF5-9094-B7C8CD672EFF}.Debug|Any CPU.ActiveCfg = Debug|Any CPU
		{45882110-5C73-4DF5-9094-B7C8CD672EFF}.Debug|Any CPU.Build.0 = Debug|Any CPU
		{45882110-5C73-4DF5-9094-B7C8CD672EFF}.Release|Any CPU.ActiveCfg = Release|Any CPU
		{45882110-5C73-4DF5-9094-B7C8CD672EFF}.Release|Any CPU.Build.0 = Release|Any CPU
	EndGlobalSection
	GlobalSection(SolutionProperties) = preSolution
		HideSolutionNode = FALSE
	EndGlobalSection
	GlobalSection(ExtensibilityGlobals) = postSolution
		SolutionGuid = {B9C9E5D4-20D1-424E-9041-2C76E3F43328}
	EndGlobalSection
EndGlobal
